Microsoft Visual Studio Solution File, Format Version 12.00
# Visual Studio 2012
Project("{FAE04EC0-301F-11D3-BF4B-00C04F79EFBC}") = "ThePhayGame", "ThePhayGame.csproj", "{B63B8E79-C00A-4950-8FF6-BCE769970C70}"
EndProject
Global
	GlobalSection(SolutionConfigurationPlatforms) = preSolution
	Debug|Any CPU = Debug|Any CPU
	ExportDebug|Any CPU = ExportDebug|Any CPU
	ExportRelease|Any CPU = ExportRelease|Any CPU
	EndGlobalSection
	GlobalSection(ProjectConfigurationPlatforms) = postSolution
		{B63B8E79-C00A-4950-8FF6-BCE769970C70}.Debug|Any CPU.ActiveCfg = Debug|Any CPU
		{B63B8E79-C00A-4950-8FF6-BCE769970C70}.Debug|Any CPU.Build.0 = Debug|Any CPU
		{B63B8E79-C00A-4950-8FF6-BCE769970C70}.ExportDebug|Any CPU.ActiveCfg = ExportDebug|Any CPU
		{B63B8E79-C00A-4950-8FF6-BCE769970C70}.ExportDebug|Any CPU.Build.0 = ExportDebug|Any CPU
		{B63B8E79-C00A-4950-8FF6-BCE769970C70}.ExportRelease|Any CPU.ActiveCfg = ExportRelease|Any CPU
		{B63B8E79-C00A-4950-8FF6-BCE769970C70}.ExportRelease|Any CPU.Build.0 = ExportRelease|Any CPU
	EndGlobalSection
EndGlobal
